
Microsoft Visual Studio Solution File, Format Version 12.00
# Visual Studio Version 16
VisualStudioVersion = 16.0.30907.101
MinimumVisualStudioVersion = 10.0.40219.1
Project("{FAE04EC0-301F-11D3-BF4B-00C04F79EFBC}") = "SqlVeriKaydetme", "SqlVeriKaydetme\SqlVeriKaydetme.csproj", "{36BCCB97-61D7-482A-89AA-AB5280388760}"
EndProject
Global
	GlobalSection(SolutionConfigurationPlatforms) = preSolution
		Debug|Any CPU = Debug|Any CPU
		Release|Any CPU = Release|Any CPU
	EndGlobalSection
	GlobalSection(ProjectConfigurationPlatforms) = postSolution
		{36BCCB97-61D7-482A-89AA-AB5280388760}.Debug|Any CPU.ActiveCfg = Debug|Any CPU
		{36BCCB97-61D7-482A-89AA-AB5280388760}.Debug|Any CPU.Build.0 = Debug|Any CPU
		{36BCCB97-61D7-482A-89AA-AB5280388760}.Release|Any CPU.ActiveCfg = Release|Any CPU
		{36BCCB97-61D7-482A-89AA-AB5280388760}.Release|Any CPU.Build.0 = Release|Any CPU
	EndGlobalSection
	GlobalSection(SolutionProperties) = preSolution
		HideSolutionNode = FALSE
	EndGlobalSection
	GlobalSection(ExtensibilityGlobals) = postSolution
		SolutionGuid = {725E5CF9-A464-404C-9156-32A7617EE2B0}
	EndGlobalSection
EndGlobal
